
Microsoft Visual Studio Solution File, Format Version 12.00
# Visual Studio Version 17
VisualStudioVersion = 17.7.34202.233
MinimumVisualStudioVersion = 10.0.40219.1
Project("{FAE04EC0-301F-11D3-BF4B-00C04F79EFBC}") = "02350SuperSimpleMVVMDemo", "02350SuperSimpleMVVMDemo\02350SuperSimpleMVVMDemo.csproj", "{C9E901F4-8CE3-4FB8-9AD6-4645B95A73FE}"
EndProject
Global
	GlobalSection(SolutionConfigurationPlatforms) = preSolution
		Debug|Any CPU = Debug|Any CPU
		Release|Any CPU = Release|Any CPU
	EndGlobalSection
	GlobalSection(ProjectConfigurationPlatforms) = postSolution
		{C9E901F4-8CE3-4FB8-9AD6-4645B95A73FE}.Debug|Any CPU.ActiveCfg = Debug|Any CPU
		{C9E901F4-8CE3-4FB8-9AD6-4645B95A73FE}.Debug|Any CPU.Build.0 = Debug|Any CPU
		{C9E901F4-8CE3-4FB8-9AD6-4645B95A73FE}.Release|Any CPU.ActiveCfg = Release|Any CPU
		{C9E901F4-8CE3-4FB8-9AD6-4645B95A73FE}.Release|Any CPU.Build.0 = Release|Any CPU
	EndGlobalSection
	GlobalSection(SolutionProperties) = preSolution
		HideSolutionNode = FALSE
	EndGlobalSection
	GlobalSection(ExtensibilityGlobals) = postSolution
		SolutionGuid = {54A2495C-E079-433E-B376-F39B8F6B0009}
	EndGlobalSection
EndGlobal
